<?xml version="1.0" encoding="utf-8"?>
<Project ToolsVersion="4.0" xmlns="http://schemas.microsoft.com/developer/msbuild/2003">
  <ItemGroup>
    <Filter Include="Source Files">
      <UniqueIdentifier>{4FC737F1-C7A5-4376-A066-2A32D752A2FF}</UniqueIdentifier>
      <Extensions>cpp;c;cc;cxx;def;odl;idl;hpj;bat;asm;asmx</Extensions>
    </Filter>
    <Filter Include="Header Files">
      <UniqueIdentifier>{93995380-89BD-4b04-88EB-625FBE52EBFB}</UniqueIdentifier>
      <Extensions>h;hh;hpp;hxx;hm;inl;inc;ipp;xsd</Extensions>
    </Filter>
    <Filter Include="Resource Files">
      <UniqueIdentifier>{67DA6AB6-F800-4c08-8B7A-83BB121AAD01}</UniqueIdentifier>
      <Extensions>rc;ico;cur;bmp;dlg;rc2;rct;bin;rgs;gif;jpg;jpeg;jpe;resx;tiff;tif;png;wav;mfcribbon-ms</Extensions>
    </Filter>
    <Filter Include="Source Files\Button">
      <UniqueIdentifier>{5448ec76-ecd7-499e-b913-70f4384341d6}</UniqueIdentifier>
    </Filter>
    <Filter Include="Source Files\TextInput">
      <UniqueIdentifier>{447672fe-917c-410a-abe9-ade451410b1a}</UniqueIdentifier>
    </Filter>
    <Filter Include="Source Files\Factory">
      <UniqueIdentifier>{72e89a89-6eef-4177-af0a-e107a67aca1f}</UniqueIdentifier>
    </Filter>
  </ItemGroup>
  <ItemGroup>
    <ClCompile Include="main.cpp">
      <Filter>Source Files</Filter>
    </ClCompile>
    <ClCompile Include="WindowsButton.cpp">
      <Filter>Source Files\Button</Filter>
    </ClCompile>
    <ClCompile Include="LinuxButton.cpp">
      <Filter>Source Files\Button</Filter>
    </ClCompile>
    <ClCompile Include="WindowsTextInput.cpp">
      <Filter>Source Files\TextInput</Filter>
    </ClCompile>
    <ClCompile Include="LinuxTextInput.cpp">
      <Filter>Source Files\TextInput</Filter>
    </ClCompile>
    <ClCompile Include="WindowsFactory.cpp">
      <Filter>Source Files\Factory</Filter>
    </ClCompile>
    <ClCompile Include="LinuxFactory.cpp">
      <Filter>Source Files\Factory</Filter>
    </ClCompile>
  </ItemGroup>
  <ItemGroup>
    <ClInclude Include="LinuxButton.h">
      <Filter>Source Files\Button</Filter>
    </ClInclude>
    <ClInclude Include="WindowsButton.h">
      <Filter>Source Files\Button</Filter>
    </ClInclude>
    <ClInclude Include="LinuxFactory.h">
      <Filter>Source Files\Factory</Filter>
    </ClInclude>
    <ClInclude Include="WindowsFactory.h">
      <Filter>Source Files\Factory</Filter>
    </ClInclude>
    <ClInclude Include="LinuxTextInput.h">
      <Filter>Source Files\TextInput</Filter>
    </ClInclude>
    <ClInclude Include="WindowsTextInput.h">
      <Filter>Source Files\TextInput</Filter>
    </ClInclude>
    <ClInclude Include="IButton.h">
      <Filter>Source Files\Button</Filter>
    </ClInclude>
    <ClInclude Include="IFactory.h">
      <Filter>Source Files\Factory</Filter>
    </ClInclude>
    <ClInclude Include="ITextInput.h">
      <Filter>Source Files\TextInput</Filter>
    </ClInclude>
  </ItemGroup>
</Project>